
Microsoft Visual Studio Solution File, Format Version 12.00
# Visual Studio Version 17
VisualStudioVersion = 17.0.32112.339
MinimumVisualStudioVersion = 10.0.40219.1
Project("{FAE04EC0-301F-11D3-BF4B-00C04F79EFBC}") = "DiamanteAlfabetico", "DiamanteAlfabetico\DiamanteAlfabetico.csproj", "{6FF2BB1D-2E71-4DF1-B098-E09E18EE5F4C}"
EndProject
Global
	GlobalSection(SolutionConfigurationPlatforms) = preSolution
		Debug|Any CPU = Debug|Any CPU
		Release|Any CPU = Release|Any CPU
	EndGlobalSection
	GlobalSection(ProjectConfigurationPlatforms) = postSolution
		{6FF2BB1D-2E71-4DF1-B098-E09E18EE5F4C}.Debug|Any CPU.ActiveCfg = Debug|Any CPU
		{6FF2BB1D-2E71-4DF1-B098-E09E18EE5F4C}.Debug|Any CPU.Build.0 = Debug|Any CPU
		{6FF2BB1D-2E71-4DF1-B098-E09E18EE5F4C}.Release|Any CPU.ActiveCfg = Release|Any CPU
		{6FF2BB1D-2E71-4DF1-B098-E09E18EE5F4C}.Release|Any CPU.Build.0 = Release|Any CPU
	EndGlobalSection
	GlobalSection(SolutionProperties) = preSolution
		HideSolutionNode = FALSE
	EndGlobalSection
	GlobalSection(ExtensibilityGlobals) = postSolution
		SolutionGuid = {F52B7EED-A5B2-4522-93F2-13F77DEF6C2F}
	EndGlobalSection
EndGlobal
